
Microsoft Visual Studio Solution File, Format Version 12.00
# Visual Studio Version 16
VisualStudioVersion = 16.0.28803.202
MinimumVisualStudioVersion = 10.0.40219.1
Project("{FAE04EC0-301F-11D3-BF4B-00C04F79EFBC}") = "DesignPatternCommandConsoleExample", "DesignPatternCommandConsoleExample.csproj", "{17601C81-77E3-40E7-91D2-4004EE461F38}"
EndProject
Global
	GlobalSection(SolutionConfigurationPlatforms) = preSolution
		Debug|Any CPU = Debug|Any CPU
		Release|Any CPU = Release|Any CPU
	EndGlobalSection
	GlobalSection(ProjectConfigurationPlatforms) = postSolution
		{17601C81-77E3-40E7-91D2-4004EE461F38}.Debug|Any CPU.ActiveCfg = Debug|Any CPU
		{17601C81-77E3-40E7-91D2-4004EE461F38}.Debug|Any CPU.Build.0 = Debug|Any CPU
		{17601C81-77E3-40E7-91D2-4004EE461F38}.Release|Any CPU.ActiveCfg = Release|Any CPU
		{17601C81-77E3-40E7-91D2-4004EE461F38}.Release|Any CPU.Build.0 = Release|Any CPU
	EndGlobalSection
	GlobalSection(SolutionProperties) = preSolution
		HideSolutionNode = FALSE
	EndGlobalSection
	GlobalSection(ExtensibilityGlobals) = postSolution
		SolutionGuid = {210033A3-31BA-46BF-ADAC-1B111C60ADD6}
	EndGlobalSection
EndGlobal
